
Microsoft Visual Studio Solution File, Format Version 12.00
# Visual Studio Version 16
VisualStudioVersion = 16.0.30907.101
MinimumVisualStudioVersion = 10.0.40219.1
Project("{9A19103F-16F7-4668-BE54-9A1E7A4F7556}") = "Business", "Business\Business.csproj", "{DD2A65F3-2A63-454B-BAF5-67A3D8177F65}"
EndProject
Project("{9A19103F-16F7-4668-BE54-9A1E7A4F7556}") = "DataAccess", "DataAccess\DataAccess.csproj", "{575DC5D5-F07F-4EC4-A22A-A922DFEFE2E2}"
EndProject
Project("{9A19103F-16F7-4668-BE54-9A1E7A4F7556}") = "Entities", "Entities\Entities.csproj", "{20568760-C36D-4C87-A0D9-29DEC955A3F5}"
EndProject
Project("{9A19103F-16F7-4668-BE54-9A1E7A4F7556}") = "ConsoleUI", "ConsoleUI\ConsoleUI.csproj", "{FF53B61D-9C73-4444-88E8-D6B595F04BC1}"
EndProject
Project("{FAE04EC0-301F-11D3-BF4B-00C04F79EFBC}") = "Core", "Core\Core.csproj", "{352714DC-E553-488E-B75F-57D735CEC65A}"
EndProject
Global
	GlobalSection(SolutionConfigurationPlatforms) = preSolution
		Debug|Any CPU = Debug|Any CPU
		Release|Any CPU = Release|Any CPU
	EndGlobalSection
	GlobalSection(ProjectConfigurationPlatforms) = postSolution
		{DD2A65F3-2A63-454B-BAF5-67A3D8177F65}.Debug|Any CPU.ActiveCfg = Debug|Any CPU
		{DD2A65F3-2A63-454B-BAF5-67A3D8177F65}.Debug|Any CPU.Build.0 = Debug|Any CPU
		{DD2A65F3-2A63-454B-BAF5-67A3D8177F65}.Release|Any CPU.ActiveCfg = Release|Any CPU
		{DD2A65F3-2A63-454B-BAF5-67A3D8177F65}.Release|Any CPU.Build.0 = Release|Any CPU
		{575DC5D5-F07F-4EC4-A22A-A922DFEFE2E2}.Debug|Any CPU.ActiveCfg = Debug|Any CPU
		{575DC5D5-F07F-4EC4-A22A-A922DFEFE2E2}.Debug|Any CPU.Build.0 = Debug|Any CPU
		{575DC5D5-F07F-4EC4-A22A-A922DFEFE2E2}.Release|Any CPU.ActiveCfg = Release|Any CPU
		{575DC5D5-F07F-4EC4-A22A-A922DFEFE2E2}.Release|Any CPU.Build.0 = Release|Any CPU
		{20568760-C36D-4C87-A0D9-29DEC955A3F5}.Debug|Any CPU.ActiveCfg = Debug|Any CPU
		{20568760-C36D-4C87-A0D9-29DEC955A3F5}.Debug|Any CPU.Build.0 = Debug|Any CPU
		{20568760-C36D-4C87-A0D9-29DEC955A3F5}.Release|Any CPU.ActiveCfg = Release|Any CPU
		{20568760-C36D-4C87-A0D9-29DEC955A3F5}.Release|Any CPU.Build.0 = Release|Any CPU
		{FF53B61D-9C73-4444-88E8-D6B595F04BC1}.Debug|Any CPU.ActiveCfg = Debug|Any CPU
		{FF53B61D-9C73-4444-88E8-D6B595F04BC1}.Debug|Any CPU.Build.0 = Debug|Any CPU
		{FF53B61D-9C73-4444-88E8-D6B595F04BC1}.Release|Any CPU.ActiveCfg = Release|Any CPU
		{FF53B61D-9C73-4444-88E8-D6B595F04BC1}.Release|Any CPU.Build.0 = Release|Any CPU
		{352714DC-E553-488E-B75F-57D735CEC65A}.Debug|Any CPU.ActiveCfg = Debug|Any CPU
		{352714DC-E553-488E-B75F-57D735CEC65A}.Debug|Any CPU.Build.0 = Debug|Any CPU
		{352714DC-E553-488E-B75F-57D735CEC65A}.Release|Any CPU.ActiveCfg = Release|Any CPU
		{352714DC-E553-488E-B75F-57D735CEC65A}.Release|Any CPU.Build.0 = Release|Any CPU
	EndGlobalSection
	GlobalSection(SolutionProperties) = preSolution
		HideSolutionNode = FALSE
	EndGlobalSection
	GlobalSection(ExtensibilityGlobals) = postSolution
		SolutionGuid = {B427DEB3-68F6-475D-A5EC-7495D75161D0}
	EndGlobalSection
EndGlobal
